
Microsoft Visual Studio Solution File, Format Version 12.00
# Visual Studio Version 17
VisualStudioVersion = 17.7.34031.279
MinimumVisualStudioVersion = 10.0.40219.1
Project("{9A19103F-16F7-4668-BE54-9A1E7A4F7556}") = "Day1", "Day1\Day1.csproj", "{D0974531-9EE6-4DA1-B89D-7761711F2E69}"
EndProject
Project("{9A19103F-16F7-4668-BE54-9A1E7A4F7556}") = "Day2", "Day2\Day2.csproj", "{F7AAEC1C-17AD-421A-82BC-259E7C886804}"
EndProject
Project("{9A19103F-16F7-4668-BE54-9A1E7A4F7556}") = "Day3", "Day3\Day3.csproj", "{7A80C98F-AF38-4556-9FFF-7B075586C9B9}"
EndProject
Project("{9A19103F-16F7-4668-BE54-9A1E7A4F7556}") = "Day4", "Day4\Day4.csproj", "{0608C4A5-149D-4963-BECC-2A11002CE094}"
EndProject
Project("{9A19103F-16F7-4668-BE54-9A1E7A4F7556}") = "Day5", "Day5\Day5.csproj", "{E6286C0B-AFCB-4F81-8785-4CA0C6A7C62C}"
EndProject
Project("{9A19103F-16F7-4668-BE54-9A1E7A4F7556}") = "Day6", "Day6\Day6.csproj", "{C64B1DC2-578E-4759-A831-C792A4C91398}"
EndProject
Project("{9A19103F-16F7-4668-BE54-9A1E7A4F7556}") = "Day7", "Day7\Day7.csproj", "{F87FDB03-C4D1-4DBA-9964-D2F31E47039E}"
EndProject
Project("{9A19103F-16F7-4668-BE54-9A1E7A4F7556}") = "Day8", "Day8\Day8.csproj", "{FA39A0F0-C591-4D84-8FE7-55394D0F1DF4}"
EndProject
Project("{9A19103F-16F7-4668-BE54-9A1E7A4F7556}") = "Day9", "Day9\Day9.csproj", "{2E0DAA4E-D723-4821-833D-85ED037D2460}"
EndProject
Project("{FAE04EC0-301F-11D3-BF4B-00C04F79EFBC}") = "Day10", "Day10\Day10.csproj", "{69E28A28-0A71-47C0-A4E6-D2C3238A8ADE}"
EndProject
Global
	GlobalSection(SolutionConfigurationPlatforms) = preSolution
		Debug|Any CPU = Debug|Any CPU
		Release|Any CPU = Release|Any CPU
	EndGlobalSection
	GlobalSection(ProjectConfigurationPlatforms) = postSolution
		{D0974531-9EE6-4DA1-B89D-7761711F2E69}.Debug|Any CPU.ActiveCfg = Debug|Any CPU
		{D0974531-9EE6-4DA1-B89D-7761711F2E69}.Debug|Any CPU.Build.0 = Debug|Any CPU
		{D0974531-9EE6-4DA1-B89D-7761711F2E69}.Release|Any CPU.ActiveCfg = Release|Any CPU
		{D0974531-9EE6-4DA1-B89D-7761711F2E69}.Release|Any CPU.Build.0 = Release|Any CPU
		{F7AAEC1C-17AD-421A-82BC-259E7C886804}.Debug|Any CPU.ActiveCfg = Debug|Any CPU
		{F7AAEC1C-17AD-421A-82BC-259E7C886804}.Debug|Any CPU.Build.0 = Debug|Any CPU
		{F7AAEC1C-17AD-421A-82BC-259E7C886804}.Release|Any CPU.ActiveCfg = Release|Any CPU
		{F7AAEC1C-17AD-421A-82BC-259E7C886804}.Release|Any CPU.Build.0 = Release|Any CPU
		{7A80C98F-AF38-4556-9FFF-7B075586C9B9}.Debug|Any CPU.ActiveCfg = Debug|Any CPU
		{7A80C98F-AF38-4556-9FFF-7B075586C9B9}.Debug|Any CPU.Build.0 = Debug|Any CPU
		{7A80C98F-AF38-4556-9FFF-7B075586C9B9}.Release|Any CPU.ActiveCfg = Release|Any CPU
		{7A80C98F-AF38-4556-9FFF-7B075586C9B9}.Release|Any CPU.Build.0 = Release|Any CPU
		{0608C4A5-149D-4963-BECC-2A11002CE094}.Debug|Any CPU.ActiveCfg = Debug|Any CPU
		{0608C4A5-149D-4963-BECC-2A11002CE094}.Debug|Any CPU.Build.0 = Debug|Any CPU
		{0608C4A5-149D-4963-BECC-2A11002CE094}.Release|Any CPU.ActiveCfg = Release|Any CPU
		{0608C4A5-149D-4963-BECC-2A11002CE094}.Release|Any CPU.Build.0 = Release|Any CPU
		{E6286C0B-AFCB-4F81-8785-4CA0C6A7C62C}.Debug|Any CPU.ActiveCfg = Debug|Any CPU
		{E6286C0B-AFCB-4F81-8785-4CA0C6A7C62C}.Debug|Any CPU.Build.0 = Debug|Any CPU
		{E6286C0B-AFCB-4F81-8785-4CA0C6A7C62C}.Release|Any CPU.ActiveCfg = Release|Any CPU
		{E6286C0B-AFCB-4F81-8785-4CA0C6A7C62C}.Release|Any CPU.Build.0 = Release|Any CPU
		{C64B1DC2-578E-4759-A831-C792A4C91398}.Debug|Any CPU.ActiveCfg = Debug|Any CPU
		{C64B1DC2-578E-4759-A831-C792A4C91398}.Debug|Any CPU.Build.0 = Debug|Any CPU
		{C64B1DC2-578E-4759-A831-C792A4C91398}.Release|Any CPU.ActiveCfg = Release|Any CPU
		{C64B1DC2-578E-4759-A831-C792A4C91398}.Release|Any CPU.Build.0 = Release|Any CPU
		{F87FDB03-C4D1-4DBA-9964-D2F31E47039E}.Debug|Any CPU.ActiveCfg = Debug|Any CPU
		{F87FDB03-C4D1-4DBA-9964-D2F31E47039E}.Debug|Any CPU.Build.0 = Debug|Any CPU
		{F87FDB03-C4D1-4DBA-9964-D2F31E47039E}.Release|Any CPU.ActiveCfg = Release|Any CPU
		{F87FDB03-C4D1-4DBA-9964-D2F31E47039E}.Release|Any CPU.Build.0 = Release|Any CPU
		{FA39A0F0-C591-4D84-8FE7-55394D0F1DF4}.Debug|Any CPU.ActiveCfg = Debug|Any CPU
		{FA39A0F0-C591-4D84-8FE7-55394D0F1DF4}.Debug|Any CPU.Build.0 = Debug|Any CPU
		{FA39A0F0-C591-4D84-8FE7-55394D0F1DF4}.Release|Any CPU.ActiveCfg = Release|Any CPU
		{FA39A0F0-C591-4D84-8FE7-55394D0F1DF4}.Release|Any CPU.Build.0 = Release|Any CPU
		{2E0DAA4E-D723-4821-833D-85ED037D2460}.Debug|Any CPU.ActiveCfg = Debug|Any CPU
		{2E0DAA4E-D723-4821-833D-85ED037D2460}.Debug|Any CPU.Build.0 = Debug|Any CPU
		{2E0DAA4E-D723-4821-833D-85ED037D2460}.Release|Any CPU.ActiveCfg = Release|Any CPU
		{2E0DAA4E-D723-4821-833D-85ED037D2460}.Release|Any CPU.Build.0 = Release|Any CPU
		{69E28A28-0A71-47C0-A4E6-D2C3238A8ADE}.Debug|Any CPU.ActiveCfg = Debug|Any CPU
		{69E28A28-0A71-47C0-A4E6-D2C3238A8ADE}.Debug|Any CPU.Build.0 = Debug|Any CPU
		{69E28A28-0A71-47C0-A4E6-D2C3238A8ADE}.Release|Any CPU.ActiveCfg = Release|Any CPU
		{69E28A28-0A71-47C0-A4E6-D2C3238A8ADE}.Release|Any CPU.Build.0 = Release|Any CPU
	EndGlobalSection
	GlobalSection(SolutionProperties) = preSolution
		HideSolutionNode = FALSE
	EndGlobalSection
	GlobalSection(ExtensibilityGlobals) = postSolution
		SolutionGuid = {99400053-2B0F-4C67-ADAC-67715960172C}
	EndGlobalSection
EndGlobal
