
Microsoft Visual Studio Solution File, Format Version 12.00
# Visual Studio Version 17
VisualStudioVersion = 17.7.34031.279
MinimumVisualStudioVersion = 10.0.40219.1
Project("{9A19103F-16F7-4668-BE54-9A1E7A4F7556}") = "Day1", "Day1\Day1.csproj", "{D0974531-9EE6-4DA1-B89D-7761711F2E69}"
EndProject
Project("{9A19103F-16F7-4668-BE54-9A1E7A4F7556}") = "Day2", "Day2\Day2.csproj", "{F7AAEC1C-17AD-421A-82BC-259E7C886804}"
EndProject
Project("{9A19103F-16F7-4668-BE54-9A1E7A4F7556}") = "Day3", "Day3\Day3.csproj", "{7A80C98F-AF38-4556-9FFF-7B075586C9B9}"
EndProject
Project("{9A19103F-16F7-4668-BE54-9A1E7A4F7556}") = "Day4", "Day4\Day4.csproj", "{0608C4A5-149D-4963-BECC-2A11002CE094}"
EndProject
Project("{FAE04EC0-301F-11D3-BF4B-00C04F79EFBC}") = "Day5", "Day5\Day5.csproj", "{E6286C0B-AFCB-4F81-8785-4CA0C6A7C62C}"
EndProject
Global
	GlobalSection(SolutionConfigurationPlatforms) = preSolution
		Debug|Any CPU = Debug|Any CPU
		Release|Any CPU = Release|Any CPU
	EndGlobalSection
	GlobalSection(ProjectConfigurationPlatforms) = postSolution
		{D0974531-9EE6-4DA1-B89D-7761711F2E69}.Debug|Any CPU.ActiveCfg = Debug|Any CPU
		{D0974531-9EE6-4DA1-B89D-7761711F2E69}.Debug|Any CPU.Build.0 = Debug|Any CPU
		{D0974531-9EE6-4DA1-B89D-7761711F2E69}.Release|Any CPU.ActiveCfg = Release|Any CPU
		{D0974531-9EE6-4DA1-B89D-7761711F2E69}.Release|Any CPU.Build.0 = Release|Any CPU
		{F7AAEC1C-17AD-421A-82BC-259E7C886804}.Debug|Any CPU.ActiveCfg = Debug|Any CPU
		{F7AAEC1C-17AD-421A-82BC-259E7C886804}.Debug|Any CPU.Build.0 = Debug|Any CPU
		{F7AAEC1C-17AD-421A-82BC-259E7C886804}.Release|Any CPU.ActiveCfg = Release|Any CPU
		{F7AAEC1C-17AD-421A-82BC-259E7C886804}.Release|Any CPU.Build.0 = Release|Any CPU
		{7A80C98F-AF38-4556-9FFF-7B075586C9B9}.Debug|Any CPU.ActiveCfg = Debug|Any CPU
		{7A80C98F-AF38-4556-9FFF-7B075586C9B9}.Debug|Any CPU.Build.0 = Debug|Any CPU
		{7A80C98F-AF38-4556-9FFF-7B075586C9B9}.Release|Any CPU.ActiveCfg = Release|Any CPU
		{7A80C98F-AF38-4556-9FFF-7B075586C9B9}.Release|Any CPU.Build.0 = Release|Any CPU
		{0608C4A5-149D-4963-BECC-2A11002CE094}.Debug|Any CPU.ActiveCfg = Debug|Any CPU
		{0608C4A5-149D-4963-BECC-2A11002CE094}.Debug|Any CPU.Build.0 = Debug|Any CPU
		{0608C4A5-149D-4963-BECC-2A11002CE094}.Release|Any CPU.ActiveCfg = Release|Any CPU
		{0608C4A5-149D-4963-BECC-2A11002CE094}.Release|Any CPU.Build.0 = Release|Any CPU
		{E6286C0B-AFCB-4F81-8785-4CA0C6A7C62C}.Debug|Any CPU.ActiveCfg = Debug|Any CPU
		{E6286C0B-AFCB-4F81-8785-4CA0C6A7C62C}.Debug|Any CPU.Build.0 = Debug|Any CPU
		{E6286C0B-AFCB-4F81-8785-4CA0C6A7C62C}.Release|Any CPU.ActiveCfg = Release|Any CPU
		{E6286C0B-AFCB-4F81-8785-4CA0C6A7C62C}.Release|Any CPU.Build.0 = Release|Any CPU
	EndGlobalSection
	GlobalSection(SolutionProperties) = preSolution
		HideSolutionNode = FALSE
	EndGlobalSection
	GlobalSection(ExtensibilityGlobals) = postSolution
		SolutionGuid = {99400053-2B0F-4C67-ADAC-67715960172C}
	EndGlobalSection
EndGlobal
